// !$*UTF8*$!
{
	archiveVersion = 1;
	classes = {
	};
	objectVersion = 46;
	objects = {

/* Begin PBXBuildFile section */
		612FDFB81EA1E65E00E564E0 /* main.cpp in Sources */ = {isa = PBXBuildFile; fileRef = 612FDFB71EA1E65E00E564E0 /* main.cpp */; };
		880AE729243464C60009AEE2 /* quick_sort_iterative.cpp in Sources */ = {isa = PBXBuildFile; fileRef = 880AE727243464C60009AEE2 /* quick_sort_iterative.cpp */; };
		88B1D8A622B4048D0083C60C /* quick_sort_recursive.cpp in Sources */ = {isa = PBXBuildFile; fileRef = 88B1D8A422B4048D0083C60C /* quick_sort_recursive.cpp */; };
/* End PBXBuildFile section */

/* Begin PBXCopyFilesBuildPhase section */
		612FDFB21EA1E65E00E564E0 /* CopyFiles */ = {
			isa = PBXCopyFilesBuildPhase;
			buildActionMask = 2147483647;
			dstPath = /usr/share/man/man1/;
			dstSubfolderSpec = 0;
			files = (
			);
			runOnlyForDeploymentPostprocessing = 1;
		};
/* End PBXCopyFilesBuildPhase section */

/* Begin PBXFileReference section */
		6103C7AF1EB406E900C9AA51 /* Solution199.hpp */ = {isa = PBXFileReference; fileEncoding = 4; lastKnownFileType = sourcecode.cpp.h; path = Solution199.hpp; sourceTree = "<group>"; };
		612FDFB41EA1E65E00E564E0 /* leetcode */ = {isa = PBXFileReference; explicitFileType = "compiled.mach-o.executable"; includeInIndex = 0; path = leetcode; sourceTree = BUILT_PRODUCTS_DIR; };
		612FDFB71EA1E65E00E564E0 /* main.cpp */ = {isa = PBXFileReference; lastKnownFileType = sourcecode.cpp.cpp; path = main.cpp; sourceTree = "<group>"; };
		612FDFC01EA1E6BE00E564E0 /* TreeNode.hpp */ = {isa = PBXFileReference; fileEncoding = 4; lastKnownFileType = sourcecode.cpp.h; path = TreeNode.hpp; sourceTree = "<group>"; };
		612FDFC71EA1E76000E564E0 /* Solution513.hpp */ = {isa = PBXFileReference; fileEncoding = 4; lastKnownFileType = sourcecode.cpp.h; path = Solution513.hpp; sourceTree = "<group>"; };
		612FDFCD1EA1F58A00E564E0 /* Solution238.hpp */ = {isa = PBXFileReference; fileEncoding = 4; lastKnownFileType = sourcecode.cpp.h; path = Solution238.hpp; sourceTree = "<group>"; };
		612FDFD61EA27F8600E564E0 /* Solution486.hpp */ = {isa = PBXFileReference; fileEncoding = 4; lastKnownFileType = sourcecode.cpp.h; path = Solution486.hpp; sourceTree = "<group>"; };
		6152B3841EBE5932000525BE /* Solution71.hpp */ = {isa = PBXFileReference; fileEncoding = 4; lastKnownFileType = sourcecode.cpp.h; path = Solution71.hpp; sourceTree = "<group>"; };
		61C16BC31EB42FF900451975 /* Solution301.hpp */ = {isa = PBXFileReference; fileEncoding = 4; lastKnownFileType = sourcecode.cpp.h; path = Solution301.hpp; sourceTree = "<group>"; };
		61C16BC71EB6AFDC00451975 /* Solution546.hpp */ = {isa = PBXFileReference; fileEncoding = 4; lastKnownFileType = sourcecode.cpp.h; path = Solution546.hpp; sourceTree = "<group>"; };
		880AE727243464C60009AEE2 /* quick_sort_iterative.cpp */ = {isa = PBXFileReference; lastKnownFileType = sourcecode.cpp.cpp; path = quick_sort_iterative.cpp; sourceTree = "<group>"; };
		880AE728243464C60009AEE2 /* quick_sort_iterative.hpp */ = {isa = PBXFileReference; lastKnownFileType = sourcecode.cpp.h; path = quick_sort_iterative.hpp; sourceTree = "<group>"; };
		883C34F823FC52960067E1EA /* Solution1347.hpp */ = {isa = PBXFileReference; lastKnownFileType = sourcecode.cpp.h; path = Solution1347.hpp; sourceTree = "<group>"; };
		884C3F1823F5E8C800254AA2 /* Solution1349.hpp */ = {isa = PBXFileReference; lastKnownFileType = sourcecode.cpp.h; path = Solution1349.hpp; sourceTree = "<group>"; };
		88A910DD24677E3600D663D0 /* Solution10.hpp */ = {isa = PBXFileReference; lastKnownFileType = sourcecode.cpp.h; path = Solution10.hpp; sourceTree = "<group>"; };
		88A910E2246A23C700D663D0 /* binary_search_construction.hpp */ = {isa = PBXFileReference; lastKnownFileType = sourcecode.cpp.h; path = binary_search_construction.hpp; sourceTree = "<group>"; };
		88B1D8A422B4048D0083C60C /* quick_sort_recursive.cpp */ = {isa = PBXFileReference; lastKnownFileType = sourcecode.cpp.cpp; path = quick_sort_recursive.cpp; sourceTree = "<group>"; };
		88B1D8A522B4048D0083C60C /* quick_sort_recursive.hpp */ = {isa = PBXFileReference; lastKnownFileType = sourcecode.cpp.h; path = quick_sort_recursive.hpp; sourceTree = "<group>"; };
/* End PBXFileReference section */

/* Begin PBXFrameworksBuildPhase section */
		612FDFB11EA1E65E00E564E0 /* Frameworks */ = {
			isa = PBXFrameworksBuildPhase;
			buildActionMask = 2147483647;
			files = (
			);
			runOnlyForDeploymentPostprocessing = 0;
		};
/* End PBXFrameworksBuildPhase section */

/* Begin PBXGroup section */
		6103C7AC1EB406DD00C9AA51 /* 1 */ = {
			isa = PBXGroup;
			children = (
				6103C7AD1EB406DD00C9AA51 /* 9 */,
			);
			path = 1;
			sourceTree = "<group>";
		};
		6103C7AD1EB406DD00C9AA51 /* 9 */ = {
			isa = PBXGroup;
			children = (
				6103C7AF1EB406E900C9AA51 /* Solution199.hpp */,
			);
			path = 9;
			sourceTree = "<group>";
		};
		612FDFAB1EA1E65E00E564E0 = {
			isa = PBXGroup;
			children = (
				612FDFB61EA1E65E00E564E0 /* leetcode */,
				612FDFB51EA1E65E00E564E0 /* Products */,
			);
			sourceTree = "<group>";
		};
		612FDFB51EA1E65E00E564E0 /* Products */ = {
			isa = PBXGroup;
			children = (
				612FDFB41EA1E65E00E564E0 /* leetcode */,
			);
			name = Products;
			sourceTree = "<group>";
		};
		612FDFB61EA1E65E00E564E0 /* leetcode */ = {
			isa = PBXGroup;
			children = (
				88B1D8A222B404720083C60C /* algorithm */,
				612FDFC21EA1E73200E564E0 /* solutions */,
				612FDFBE1EA1E69E00E564E0 /* predefined */,
				612FDFB71EA1E65E00E564E0 /* main.cpp */,
			);
			path = leetcode;
			sourceTree = "<group>";
		};
		612FDFBE1EA1E69E00E564E0 /* predefined */ = {
			isa = PBXGroup;
			children = (
				612FDFC01EA1E6BE00E564E0 /* TreeNode.hpp */,
			);
			path = predefined;
			sourceTree = "<group>";
		};
		612FDFC21EA1E73200E564E0 /* solutions */ = {
			isa = PBXGroup;
			children = (
				884C3F1723F5E8A100254AA2 /* 13 */,
				6152B3811EBE591E000525BE /* 0 */,
				6103C7AC1EB406DD00C9AA51 /* 1 */,
				612FDFC91EA1F52900E564E0 /* 2 */,
				61C16BC01EB42FF000451975 /* 3 */,
				612FDFD31EA27F7D00E564E0 /* 4 */,
				612FDFC41EA1E75100E564E0 /* 5 */,
			);
			path = solutions;
			sourceTree = "<group>";
		};
		612FDFC41EA1E75100E564E0 /* 5 */ = {
			isa = PBXGroup;
			children = (
				61C16BC51EB6AFCF00451975 /* 4 */,
				612FDFC51EA1E75100E564E0 /* 1 */,
			);
			path = 5;
			sourceTree = "<group>";
		};
		612FDFC51EA1E75100E564E0 /* 1 */ = {
			isa = PBXGroup;
			children = (
				612FDFC71EA1E76000E564E0 /* Solution513.hpp */,
			);
			path = 1;
			sourceTree = "<group>";
		};
		612FDFC91EA1F52900E564E0 /* 2 */ = {
			isa = PBXGroup;
			children = (
				612FDFCA1EA1F53400E564E0 /* 3 */,
			);
			path = 2;
			sourceTree = "<group>";
		};
		612FDFCA1EA1F53400E564E0 /* 3 */ = {
			isa = PBXGroup;
			children = (
				612FDFCD1EA1F58A00E564E0 /* Solution238.hpp */,
			);
			path = 3;
			sourceTree = "<group>";
		};
		612FDFD31EA27F7D00E564E0 /* 4 */ = {
			isa = PBXGroup;
			children = (
				612FDFD41EA27F7D00E564E0 /* 8 */,
			);
			path = 4;
			sourceTree = "<group>";
		};
		612FDFD41EA27F7D00E564E0 /* 8 */ = {
			isa = PBXGroup;
			children = (
				612FDFD61EA27F8600E564E0 /* Solution486.hpp */,
			);
			path = 8;
			sourceTree = "<group>";
		};
		6152B3811EBE591E000525BE /* 0 */ = {
			isa = PBXGroup;
			children = (
				88A910DF24677E3E00D663D0 /* 1 */,
				6152B3821EBE591E000525BE /* 7 */,
			);
			path = 0;
			sourceTree = "<group>";
		};
		6152B3821EBE591E000525BE /* 7 */ = {
			isa = PBXGroup;
			children = (
				6152B3841EBE5932000525BE /* Solution71.hpp */,
			);
			path = 7;
			sourceTree = "<group>";
		};
		61C16BC01EB42FF000451975 /* 3 */ = {
			isa = PBXGroup;
			children = (
				61C16BC11EB42FF000451975 /* 0 */,
			);
			path = 3;
			sourceTree = "<group>";
		};
		61C16BC11EB42FF000451975 /* 0 */ = {
			isa = PBXGroup;
			children = (
				61C16BC31EB42FF900451975 /* Solution301.hpp */,
			);
			path = 0;
			sourceTree = "<group>";
		};
		61C16BC51EB6AFCF00451975 /* 4 */ = {
			isa = PBXGroup;
			children = (
				61C16BC71EB6AFDC00451975 /* Solution546.hpp */,
			);
			path = 4;
			sourceTree = "<group>";
		};
		884C3F1723F5E8A100254AA2 /* 13 */ = {
			isa = PBXGroup;
			children = (
				883C34F823FC52960067E1EA /* Solution1347.hpp */,
				884C3F1823F5E8C800254AA2 /* Solution1349.hpp */,
			);
			path = 13;
			sourceTree = "<group>";
		};
		88A910DF24677E3E00D663D0 /* 1 */ = {
			isa = PBXGroup;
			children = (
				88A910DD24677E3600D663D0 /* Solution10.hpp */,
			);
			path = 1;
			sourceTree = "<group>";
		};
		88A910E0246A23A500D663D0 /* bts */ = {
			isa = PBXGroup;
			children = (
				88A910E2246A23C700D663D0 /* binary_search_construction.hpp */,
			);
			path = bts;
			sourceTree = "<group>";
		};
		88B1D8A222B404720083C60C /* algorithm */ = {
			isa = PBXGroup;
			children = (
				88A910E0246A23A500D663D0 /* bts */,
				88B1D8A322B404780083C60C /* sorting */,
			);
			path = algorithm;
			sourceTree = "<group>";
		};
		88B1D8A322B404780083C60C /* sorting */ = {
			isa = PBXGroup;
			children = (
				880AE727243464C60009AEE2 /* quick_sort_iterative.cpp */,
				880AE728243464C60009AEE2 /* quick_sort_iterative.hpp */,
				88B1D8A422B4048D0083C60C /* quick_sort_recursive.cpp */,
				88B1D8A522B4048D0083C60C /* quick_sort_recursive.hpp */,
			);
			path = sorting;
			sourceTree = "<group>";
		};
/* End PBXGroup section */

/* Begin PBXNativeTarget section */
		612FDFB31EA1E65E00E564E0 /* leetcode */ = {
			isa = PBXNativeTarget;
			buildConfigurationList = 612FDFBB1EA1E65E00E564E0 /* Build configuration list for PBXNativeTarget "leetcode" */;
			buildPhases = (
				612FDFB01EA1E65E00E564E0 /* Sources */,
				612FDFB11EA1E65E00E564E0 /* Frameworks */,
				612FDFB21EA1E65E00E564E0 /* CopyFiles */,
			);
			buildRules = (
			);
			dependencies = (
			);
			name = leetcode;
			productName = leetcode;
			productReference = 612FDFB41EA1E65E00E564E0 /* leetcode */;
			productType = "com.apple.product-type.tool";
		};
/* End PBXNativeTarget section */

/* Begin PBXProject section */
		612FDFAC1EA1E65E00E564E0 /* Project object */ = {
			isa = PBXProject;
			attributes = {
				LastUpgradeCheck = 1120;
				ORGANIZATIONNAME = crawley;
				TargetAttributes = {
					612FDFB31EA1E65E00E564E0 = {
						CreatedOnToolsVersion = 8.3.1;
						DevelopmentTeam = 4QR38F7R7Y;
						ProvisioningStyle = Automatic;
					};
				};
			};
			buildConfigurationList = 612FDFAF1EA1E65E00E564E0 /* Build configuration list for PBXProject "leetcode" */;
			compatibilityVersion = "Xcode 3.2";
			developmentRegion = en;
			hasScannedForEncodings = 0;
			knownRegions = (
				en,
				Base,
			);
			mainGroup = 612FDFAB1EA1E65E00E564E0;
			productRefGroup = 612FDFB51EA1E65E00E564E0 /* Products */;
			projectDirPath = "";
			projectRoot = "";
			targets = (
				612FDFB31EA1E65E00E564E0 /* leetcode */,
			);
		};
/* End PBXProject section */

/* Begin PBXSourcesBuildPhase section */
		612FDFB01EA1E65E00E564E0 /* Sources */ = {
			isa = PBXSourcesBuildPhase;
			buildActionMask = 2147483647;
			files = (
				88B1D8A622B4048D0083C60C /* quick_sort_recursive.cpp in Sources */,
				880AE729243464C60009AEE2 /* quick_sort_iterative.cpp in Sources */,
				612FDFB81EA1E65E00E564E0 /* main.cpp in Sources */,
			);
			runOnlyForDeploymentPostprocessing = 0;
		};
/* End PBXSourcesBuildPhase section */

/* Begin XCBuildConfiguration section */
		612FDFB91EA1E65E00E564E0 /* Debug */ = {
			isa = XCBuildConfiguration;
			buildSettings = {
				ALWAYS_SEARCH_USER_PATHS = NO;
				CLANG_ANALYZER_NONNULL = YES;
				CLANG_ANALYZER_NUMBER_OBJECT_CONVERSION = YES_AGGRESSIVE;
				CLANG_CXX_LANGUAGE_STANDARD = "gnu++0x";
				CLANG_CXX_LIBRARY = "libc++";
				CLANG_ENABLE_MODULES = YES;
				CLANG_ENABLE_OBJC_ARC = YES;
				CLANG_WARN_BLOCK_CAPTURE_AUTORELEASING = YES;
				CLANG_WARN_BOOL_CONVERSION = YES;
				CLANG_WARN_COMMA = YES;
				CLANG_WARN_CONSTANT_CONVERSION = YES;
				CLANG_WARN_DEPRECATED_OBJC_IMPLEMENTATIONS = YES;
				CLANG_WARN_DIRECT_OBJC_ISA_USAGE = YES_ERROR;
				CLANG_WARN_DOCUMENTATION_COMMENTS = YES;
				CLANG_WARN_EMPTY_BODY = YES;
				CLANG_WARN_ENUM_CONVERSION = YES;
				CLANG_WARN_INFINITE_RECURSION = YES;
				CLANG_WARN_INT_CONVERSION = YES;
				CLANG_WARN_NON_LITERAL_NULL_CONVERSION = YES;
				CLANG_WARN_OBJC_IMPLICIT_RETAIN_SELF = YES;
				CLANG_WARN_OBJC_LITERAL_CONVERSION = YES;
				CLANG_WARN_OBJC_ROOT_CLASS = YES_ERROR;
				CLANG_WARN_RANGE_LOOP_ANALYSIS = YES;
				CLANG_WARN_STRICT_PROTOTYPES = YES;
				CLANG_WARN_SUSPICIOUS_MOVE = YES;
				CLANG_WARN_UNREACHABLE_CODE = YES;
				CLANG_WARN__DUPLICATE_METHOD_MATCH = YES;
				CODE_SIGN_IDENTITY = "-";
				COPY_PHASE_STRIP = NO;
				DEBUG_INFORMATION_FORMAT = dwarf;
				ENABLE_STRICT_OBJC_MSGSEND = YES;
				ENABLE_TESTABILITY = YES;
				GCC_C_LANGUAGE_STANDARD = gnu99;
				GCC_DYNAMIC_NO_PIC = NO;
				GCC_NO_COMMON_BLOCKS = YES;
				GCC_OPTIMIZATION_LEVEL = 0;
				GCC_PREPROCESSOR_DEFINITIONS = (
					"DEBUG=1",
					"$(inherited)",
				);
				GCC_WARN_64_TO_32_BIT_CONVERSION = YES;
				GCC_WARN_ABOUT_RETURN_TYPE = YES_ERROR;
				GCC_WARN_UNDECLARED_SELECTOR = YES;
				GCC_WARN_UNINITIALIZED_AUTOS = YES_AGGRESSIVE;
				GCC_WARN_UNUSED_FUNCTION = YES;
				GCC_WARN_UNUSED_VARIABLE = YES;
				MACOSX_DEPLOYMENT_TARGET = 10.12;
				MTL_ENABLE_DEBUG_INFO = YES;
				ONLY_ACTIVE_ARCH = YES;
				SDKROOT = macosx;
			};
			name = Debug;
		};
		612FDFBA1EA1E65E00E564E0 /* Release */ = {
			isa = XCBuildConfiguration;
			buildSettings = {
				ALWAYS_SEARCH_USER_PATHS = NO;
				CLANG_ANALYZER_NONNULL = YES;
				CLANG_ANALYZER_NUMBER_OBJECT_CONVERSION = YES_AGGRESSIVE;
				CLANG_CXX_LANGUAGE_STANDARD = "gnu++0x";
				CLANG_CXX_LIBRARY = "libc++";
				CLANG_ENABLE_MODULES = YES;
				CLANG_ENABLE_OBJC_ARC = YES;
				CLANG_WARN_BLOCK_CAPTURE_AUTORELEASING = YES;
				CLANG_WARN_BOOL_CONVERSION = YES;
				CLANG_WARN_COMMA = YES;
				CLANG_WARN_CONSTANT_CONVERSION = YES;
				CLANG_WARN_DEPRECATED_OBJC_IMPLEMENTATIONS = YES;
				CLANG_WARN_DIRECT_OBJC_ISA_USAGE = YES_ERROR;
				CLANG_WARN_DOCUMENTATION_COMMENTS = YES;
				CLANG_WARN_EMPTY_BODY = YES;
				CLANG_WARN_ENUM_CONVERSION = YES;
				CLANG_WARN_INFINITE_RECURSION = YES;
				CLANG_WARN_INT_CONVERSION = YES;
				CLANG_WARN_NON_LITERAL_NULL_CONVERSION = YES;
				CLANG_WARN_OBJC_IMPLICIT_RETAIN_SELF = YES;
				CLANG_WARN_OBJC_LITERAL_CONVERSION = YES;
				CLANG_WARN_OBJC_ROOT_CLASS = YES_ERROR;
				CLANG_WARN_RANGE_LOOP_ANALYSIS = YES;
				CLANG_WARN_STRICT_PROTOTYPES = YES;
				CLANG_WARN_SUSPICIOUS_MOVE = YES;
				CLANG_WARN_UNREACHABLE_CODE = YES;
				CLANG_WARN__DUPLICATE_METHOD_MATCH = YES;
				CODE_SIGN_IDENTITY = "-";
				COPY_PHASE_STRIP = NO;
				DEBUG_INFORMATION_FORMAT = "dwarf-with-dsym";
				ENABLE_NS_ASSERTIONS = NO;
				ENABLE_STRICT_OBJC_MSGSEND = YES;
				GCC_C_LANGUAGE_STANDARD = gnu99;
				GCC_NO_COMMON_BLOCKS = YES;
				GCC_WARN_64_TO_32_BIT_CONVERSION = YES;
				GCC_WARN_ABOUT_RETURN_TYPE = YES_ERROR;
				GCC_WARN_UNDECLARED_SELECTOR = YES;
				GCC_WARN_UNINITIALIZED_AUTOS = YES_AGGRESSIVE;
				GCC_WARN_UNUSED_FUNCTION = YES;
				GCC_WARN_UNUSED_VARIABLE = YES;
				MACOSX_DEPLOYMENT_TARGET = 10.12;
				MTL_ENABLE_DEBUG_INFO = NO;
				SDKROOT = macosx;
			};
			name = Release;
		};
		612FDFBC1EA1E65E00E564E0 /* Debug */ = {
			isa = XCBuildConfiguration;
			buildSettings = {
				CODE_SIGN_IDENTITY = "-";
				DEVELOPMENT_TEAM = 4QR38F7R7Y;
				PRODUCT_NAME = "$(TARGET_NAME)";
			};
			name = Debug;
		};
		612FDFBD1EA1E65E00E564E0 /* Release */ = {
			isa = XCBuildConfiguration;
			buildSettings = {
				CODE_SIGN_IDENTITY = "-";
				DEVELOPMENT_TEAM = 4QR38F7R7Y;
				PRODUCT_NAME = "$(TARGET_NAME)";
			};
			name = Release;
		};
/* End XCBuildConfiguration section */

/* Begin XCConfigurationList section */
		612FDFAF1EA1E65E00E564E0 /* Build configuration list for PBXProject "leetcode" */ = {
			isa = XCConfigurationList;
			buildConfigurations = (
				612FDFB91EA1E65E00E564E0 /* Debug */,
				612FDFBA1EA1E65E00E564E0 /* Release */,
			);
			defaultConfigurationIsVisible = 0;
			defaultConfigurationName = Release;
		};
		612FDFBB1EA1E65E00E564E0 /* Build configuration list for PBXNativeTarget "leetcode" */ = {
			isa = XCConfigurationList;
			buildConfigurations = (
				612FDFBC1EA1E65E00E564E0 /* Debug */,
				612FDFBD1EA1E65E00E564E0 /* Release */,
			);
			defaultConfigurationIsVisible = 0;
			defaultConfigurationName = Release;
		};
/* End XCConfigurationList section */
	};
	rootObject = 612FDFAC1EA1E65E00E564E0 /* Project object */;
}
